
Microsoft Visual Studio Solution File, Format Version 12.00
# Visual Studio Version 16
VisualStudioVersion = 16.0.31019.35
MinimumVisualStudioVersion = 10.0.40219.1
Project("{FAE04EC0-301F-11D3-BF4B-00C04F79EFBC}") = "ClassMetotDemo", "ClassMetotDemo\ClassMetotDemo.csproj", "{C9369C31-2523-47F7-9617-8B33BF2ECD7C}"
EndProject
Global
	GlobalSection(SolutionConfigurationPlatforms) = preSolution
		Debug|Any CPU = Debug|Any CPU
		Release|Any CPU = Release|Any CPU
	EndGlobalSection
	GlobalSection(ProjectConfigurationPlatforms) = postSolution
		{C9369C31-2523-47F7-9617-8B33BF2ECD7C}.Debug|Any CPU.ActiveCfg = Debug|Any CPU
		{C9369C31-2523-47F7-9617-8B33BF2ECD7C}.Debug|Any CPU.Build.0 = Debug|Any CPU
		{C9369C31-2523-47F7-9617-8B33BF2ECD7C}.Release|Any CPU.ActiveCfg = Release|Any CPU
		{C9369C31-2523-47F7-9617-8B33BF2ECD7C}.Release|Any CPU.Build.0 = Release|Any CPU
	EndGlobalSection
	GlobalSection(SolutionProperties) = preSolution
		HideSolutionNode = FALSE
	EndGlobalSection
	GlobalSection(ExtensibilityGlobals) = postSolution
		SolutionGuid = {25B6543D-AB7E-462A-9130-362ACDDF1877}
	EndGlobalSection
EndGlobal
